<?xml version="1.0" encoding="UTF-8"?>
<Scheme
   LastUpgradeVersion = "0830"
   version = "1.7">
   <BuildAction
      parallelizeBuildables = "YES"
      buildImplicitDependencies = "YES">
      <PostActions>
         <ExecutionAction
            ActionType = "Xcode.IDEStandardExecutionActionsCore.ExecutionActionType.ShellScriptAction">
            <ActionContent
               title = "Run Script"
               scriptText = "COMMAND=&quot;ipatool&quot;&#10;&#10;LOCAL_PATH=&quot;/usr/local/bin/${COMMAND}&quot;&#10;&#10;rm &quot;${LOCAL_PATH}&quot;&#10;&#10;cp &quot;${BUILT_PRODUCTS_DIR}/${TARGET_NAME}&quot; &quot;${LOCAL_PATH}&quot;&#10;">
               <EnvironmentBuildable>
                  <BuildableReference
                     BuildableIdentifier = "primary"
                     BlueprintIdentifier = "6DAEED8B1EDE6B3000DB04F2"
                     BuildableName = "IPATool"
                     BlueprintName = "IPATool"
                     ReferencedContainer = "container:IPATool.xcodeproj">
                  </BuildableReference>
               </EnvironmentBuildable>
            </ActionContent>
         </ExecutionAction>
      </PostActions>
      <BuildActionEntries>
         <BuildActionEntry
            buildForTesting = "YES"
            buildForRunning = "YES"
            buildForProfiling = "YES"
            buildForArchiving = "YES"
            buildForAnalyzing = "YES">
            <BuildableReference
               BuildableIdentifier = "primary"
               BlueprintIdentifier = "6DAEED8B1EDE6B3000DB04F2"
               BuildableName = "IPATool"
               BlueprintName = "IPATool"
               ReferencedContainer = "container:IPATool.xcodeproj">
            </BuildableReference>
         </BuildActionEntry>
      </BuildActionEntries>
   </BuildAction>
   <TestAction
      buildConfiguration = "Debug"
      selectedDebuggerIdentifier = "Xcode.DebuggerFoundation.Debugger.LLDB"
      selectedLauncherIdentifier = "Xcode.DebuggerFoundation.Launcher.LLDB"
      shouldUseLaunchSchemeArgsEnv = "YES">
      <Testables>
      </Testables>
      <MacroExpansion>
         <BuildableReference
            BuildableIdentifier = "primary"
            BlueprintIdentifier = "6DAEED8B1EDE6B3000DB04F2"
            BuildableName = "IPATool"
            BlueprintName = "IPATool"
            ReferencedContainer = "container:IPATool.xcodeproj">
         </BuildableReference>
      </MacroExpansion>
      <AdditionalOptions>
      </AdditionalOptions>
   </TestAction>
   <LaunchAction
      buildConfiguration = "Debug"
      selectedDebuggerIdentifier = "Xcode.DebuggerFoundation.Debugger.LLDB"
      selectedLauncherIdentifier = "Xcode.DebuggerFoundation.Launcher.LLDB"
      launchStyle = "0"
      useCustomWorkingDirectory = "NO"
      ignoresPersistentStateOnLaunch = "NO"
      debugDocumentVersioning = "YES"
      debugServiceExtension = "internal"
      allowLocationSimulation = "YES">
      <BuildableProductRunnable
         runnableDebuggingMode = "0">
         <BuildableReference
            BuildableIdentifier = "primary"
            BlueprintIdentifier = "6DAEED8B1EDE6B3000DB04F2"
            BuildableName = "IPATool"
            BlueprintName = "IPATool"
            ReferencedContainer = "container:IPATool.xcodeproj">
         </BuildableReference>
      </BuildableProductRunnable>
      <CommandLineArguments>
         <CommandLineArgument
            argument = "icon-get -a &quot;/Users/wushuang/Desktop/1.2.3/Payload/kalypsomedia.app&quot;"
            isEnabled = "NO">
         </CommandLineArgument>
         <CommandLineArgument
            argument = "icon-get -a &quot;/Users/wushuang/Desktop/1.2.3&quot;"
            isEnabled = "NO">
         </CommandLineArgument>
         <CommandLineArgument
            argument = "icon-get -a &quot;/Users/wushuang/Desktop/iThunder/Payload/iThunder.app&quot;"
            isEnabled = "NO">
         </CommandLineArgument>
         <CommandLineArgument
            argument = "icon-set -a &quot;/Users/wushuang/Desktop/1.2.3/Payload/kalypsomedia.app&quot; --verbose -i &quot;/Users/wushuang/Pictures/IMG_1479.JPG&quot;"
            isEnabled = "NO">
         </CommandLineArgument>
         <CommandLineArgument
            argument = "info-get -i &quot;/Users/wushuang/Desktop/1.2.3/Payload/kalypsomedia.app/Info.plist&quot; -k &quot;CFBundleIdentifier&quot;"
            isEnabled = "NO">
         </CommandLineArgument>
         <CommandLineArgument
            argument = "info-set -i &quot;/Users/wushuang/Desktop/1.2.3/Payload&quot; -k &quot;CFBundleIdentifier&quot; -o &quot;com.unique.kalypsomedia&quot;"
            isEnabled = "NO">
         </CommandLineArgument>
         <CommandLineArgument
            argument = "info-set -i &quot;/Users/wushuang/Desktop/Payload 2/WeChat.app&quot; -k &quot;CFBundleIdentifier&quot; -o &quot;com.tencent.xin.unique.a&quot; -p"
            isEnabled = "NO">
         </CommandLineArgument>
         <CommandLineArgument
            argument = "info-get -i &quot;/Users/wushuang/Desktop/Payload 2/WeChat.app/Info.plist&quot; -k &quot;CFBundleIdentifier&quot;"
            isEnabled = "NO">
         </CommandLineArgument>
         <CommandLineArgument
            argument = "code-sign -i &quot;/Users/wushuang/Desktop/Payload 2/WeChat.app&quot; -c &quot;iPhone Developer: Shuang Wu (433G9RW4GG)&quot; -m &quot;/Users/wushuang/Documents/&#x8bc1;&#x4e66;/Shuang Wu/ShuangWu_Development_Wildcard.mobileprovision&quot; -p -v"
            isEnabled = "NO">
         </CommandLineArgument>
         <CommandLineArgument
            argument = "-h"
            isEnabled = "NO">
         </CommandLineArgument>
         <CommandLineArgument
            argument = "code-sign -c &quot;iPhone Developer: Shuang Wu (433G9RW4GG)&quot; -m &quot;/Users/wushuang/Documents/&#x8bc1;&#x4e66;/Shuang Wu/ShuangWu_Development_Wildcard.mobileprovision&quot; -i &quot;/Users/wushuang/Desktop/WeChat_temp.ipa&quot;"
            isEnabled = "NO">
         </CommandLineArgument>
         <CommandLineArgument
            argument = "-c &quot;iPhone Developer: Shuang Wu (433G9RW4GG)&quot; -m &quot;/Users/wushuang/Documents/&#x8bc1;&#x4e66;/Shuang Wu/ShuangWu_Development_Wildcard.mobileprovision&quot; --icon &quot;/Users/wushuang/Documents/repo/WeChatPlugin_Pro/Resource/Packing/WeChatIcon/&#x91d1;&#x8272;.png&quot; --bundle-identifier &quot;com.tencent.xin&quot; &quot;/Users/wushuang/Desktop/xiaoji_1.5.3.1_coderesign.ipa&quot; &quot;/Users/wushuang/Desktop/xiaoji_1.5.3.1_coderesign_ipatool.ipa&quot;  --verbose"
            isEnabled = "NO">
         </CommandLineArgument>
         <CommandLineArgument
            argument = "icon-get --app &quot;/Users/wushuang/Desktop/Payload 4/ChickJail.app&quot; --scale all --device all --verbose"
            isEnabled = "YES">
         </CommandLineArgument>
      </CommandLineArguments>
      <AdditionalOptions>
      </AdditionalOptions>
   </LaunchAction>
   <ProfileAction
      buildConfiguration = "Release"
      shouldUseLaunchSchemeArgsEnv = "YES"
      savedToolIdentifier = ""
      useCustomWorkingDirectory = "NO"
      debugDocumentVersioning = "YES">
      <BuildableProductRunnable
         runnableDebuggingMode = "0">
         <BuildableReference
            BuildableIdentifier = "primary"
            BlueprintIdentifier = "6DAEED8B1EDE6B3000DB04F2"
            BuildableName = "IPATool"
            BlueprintName = "IPATool"
            ReferencedContainer = "container:IPATool.xcodeproj">
         </BuildableReference>
      </BuildableProductRunnable>
   </ProfileAction>
   <AnalyzeAction
      buildConfiguration = "Debug">
   </AnalyzeAction>
   <ArchiveAction
      buildConfiguration = "Release"
      revealArchiveInOrganizer = "YES">
   </ArchiveAction>
</Scheme>
