// !$*UTF8*$!
{
	archiveVersion = 1;
	classes = {
	};
	objectVersion = 46;
	objects = {

/* Begin PBXBuildFile section */
		6D04F6BF1EE0FF4E007D48F5 /* ITPath.m in Sources */ = {isa = PBXBuildFile; fileRef = 6D04F6BC1EE0FF4E007D48F5 /* ITPath.m */; };
		6D04F6C01EE0FF4E007D48F5 /* ITPayload.m in Sources */ = {isa = PBXBuildFile; fileRef = 6D04F6BE1EE0FF4E007D48F5 /* ITPayload.m */; };
		6D04F6C31EE0FF8C007D48F5 /* ITApp.m in Sources */ = {isa = PBXBuildFile; fileRef = 6D04F6C21EE0FF8C007D48F5 /* ITApp.m */; };
		6D04F6C61EE0FFAC007D48F5 /* ITIPA.m in Sources */ = {isa = PBXBuildFile; fileRef = 6D04F6C51EE0FFAC007D48F5 /* ITIPA.m */; };
		6D04F6C91EE10A55007D48F5 /* ITInfoPlist.m in Sources */ = {isa = PBXBuildFile; fileRef = 6D04F6C81EE10A55007D48F5 /* ITInfoPlist.m */; };
		6D04F6CC1EE10B87007D48F5 /* ITPlugin.m in Sources */ = {isa = PBXBuildFile; fileRef = 6D04F6CB1EE10B87007D48F5 /* ITPlugin.m */; };
		6D04F6CF1EE1159D007D48F5 /* ITBinary.m in Sources */ = {isa = PBXBuildFile; fileRef = 6D04F6CE1EE1159D007D48F5 /* ITBinary.m */; };
		6D04F6D51EE125AA007D48F5 /* NSArray+IPATool.m in Sources */ = {isa = PBXBuildFile; fileRef = 6D04F6D41EE125AA007D48F5 /* NSArray+IPATool.m */; };
		6D04F6DD1EE13CB9007D48F5 /* CLArguments+CodeSign.m in Sources */ = {isa = PBXBuildFile; fileRef = 6D04F6DC1EE13CB9007D48F5 /* CLArguments+CodeSign.m */; };
		6D04F6E01EE142A7007D48F5 /* CodeSign.m in Sources */ = {isa = PBXBuildFile; fileRef = 6D04F6DF1EE142A7007D48F5 /* CodeSign.m */; };
		6D04F6E71EE147A4007D48F5 /* ITMobileProvision.m in Sources */ = {isa = PBXBuildFile; fileRef = 6D04F6E61EE147A4007D48F5 /* ITMobileProvision.m */; };
		6D04F6ED1EE14A67007D48F5 /* MUEntitlements.m in Sources */ = {isa = PBXBuildFile; fileRef = 6D04F6EA1EE14A67007D48F5 /* MUEntitlements.m */; };
		6D04F6EE1EE14A67007D48F5 /* MUMobileProvision.m in Sources */ = {isa = PBXBuildFile; fileRef = 6D04F6EC1EE14A67007D48F5 /* MUMobileProvision.m */; };
		6D0C3DE91EF26C2000CDC934 /* Certificate.m in Sources */ = {isa = PBXBuildFile; fileRef = 6D0C3DE81EF26C2000CDC934 /* Certificate.m */; };
		6D64B5391EE506E800CF54BB /* IPAResult.m in Sources */ = {isa = PBXBuildFile; fileRef = 6D64B5381EE506E800CF54BB /* IPAResult.m */; };
		6D66270A1EE15A8A0036E136 /* NSError+CodeSign.m in Sources */ = {isa = PBXBuildFile; fileRef = 6D6627091EE15A8A0036E136 /* NSError+CodeSign.m */; };
		6D6627131EE16FAB0036E136 /* ITPackage.m in Sources */ = {isa = PBXBuildFile; fileRef = 6D6627121EE16FAB0036E136 /* ITPackage.m */; };
		6DAEED901EDE6B3000DB04F2 /* main.m in Sources */ = {isa = PBXBuildFile; fileRef = 6DAEED8F1EDE6B3000DB04F2 /* main.m */; };
		6DAEEDA01EDE6B9600DB04F2 /* CLArguments.m in Sources */ = {isa = PBXBuildFile; fileRef = 6DAEED981EDE6B9600DB04F2 /* CLArguments.m */; };
		6DAEEDA11EDE6B9600DB04F2 /* CLCommandExplain.m in Sources */ = {isa = PBXBuildFile; fileRef = 6DAEED9A1EDE6B9600DB04F2 /* CLCommandExplain.m */; };
		6DAEEDA21EDE6B9600DB04F2 /* CLExplainItem.m in Sources */ = {isa = PBXBuildFile; fileRef = 6DAEED9C1EDE6B9600DB04F2 /* CLExplainItem.m */; };
		6DAEEDA31EDE6B9600DB04F2 /* NSTask+CommandLine.m in Sources */ = {isa = PBXBuildFile; fileRef = 6DAEED9F1EDE6B9600DB04F2 /* NSTask+CommandLine.m */; };
		6DAEEDAB1EDE6D0D00DB04F2 /* CLArguments+IPATool.m in Sources */ = {isa = PBXBuildFile; fileRef = 6DAEEDAA1EDE6D0D00DB04F2 /* CLArguments+IPATool.m */; };
		6DAEEDBB1EDE737100DB04F2 /* CLArguments+AppIcon.m in Sources */ = {isa = PBXBuildFile; fileRef = 6DAEEDB81EDE737100DB04F2 /* CLArguments+AppIcon.m */; };
		6DAEEDC01EDE751100DB04F2 /* AppIcon.m in Sources */ = {isa = PBXBuildFile; fileRef = 6DAEEDBF1EDE751100DB04F2 /* AppIcon.m */; };
		6DAEEDC31EDE759600DB04F2 /* AIMatcher.m in Sources */ = {isa = PBXBuildFile; fileRef = 6DAEEDC21EDE759600DB04F2 /* AIMatcher.m */; };
		6DAEEDC81EDE8FCA00DB04F2 /* NSError+AppIcon.m in Sources */ = {isa = PBXBuildFile; fileRef = 6DAEEDC71EDE8FCA00DB04F2 /* NSError+AppIcon.m */; };
		6DAEEDD01EDE96B200DB04F2 /* MUPath.m in Sources */ = {isa = PBXBuildFile; fileRef = 6DAEEDCF1EDE96B200DB04F2 /* MUPath.m */; };
		6DAEEDD31EDE96CB00DB04F2 /* AIIconName.m in Sources */ = {isa = PBXBuildFile; fileRef = 6DAEEDD21EDE96CB00DB04F2 /* AIIconName.m */; };
		6DAEEDD61EDE980200DB04F2 /* AIIconNameSet.m in Sources */ = {isa = PBXBuildFile; fileRef = 6DAEEDD51EDE980200DB04F2 /* AIIconNameSet.m */; };
		6DAEEDDD1EDEA23400DB04F2 /* IPACommandTask.m in Sources */ = {isa = PBXBuildFile; fileRef = 6DAEEDDC1EDEA23400DB04F2 /* IPACommandTask.m */; };
		6DAEEDE01EDEA27900DB04F2 /* IPAMain.m in Sources */ = {isa = PBXBuildFile; fileRef = 6DAEEDDF1EDEA27900DB04F2 /* IPAMain.m */; };
		6DAEEDE41EDEA4C200DB04F2 /* NSImage+AppIcon.m in Sources */ = {isa = PBXBuildFile; fileRef = 6DAEEDE31EDEA4C200DB04F2 /* NSImage+AppIcon.m */; };
		6DAEEDE81EDEAFA100DB04F2 /* NSError+IPATool.m in Sources */ = {isa = PBXBuildFile; fileRef = 6DAEEDE71EDEAFA100DB04F2 /* NSError+IPATool.m */; };
		6DAEEDEF1EDEB38300DB04F2 /* CLArguments+InfoPlist.m in Sources */ = {isa = PBXBuildFile; fileRef = 6DAEEDEE1EDEB38300DB04F2 /* CLArguments+InfoPlist.m */; };
		6DAEEDF21EDEBA1C00DB04F2 /* InfoPlist.m in Sources */ = {isa = PBXBuildFile; fileRef = 6DAEEDF11EDEBA1C00DB04F2 /* InfoPlist.m */; };
		6DAEEDFC1EDEC3CD00DB04F2 /* NSError+InfoPlist.m in Sources */ = {isa = PBXBuildFile; fileRef = 6DAEEDFB1EDEC3CD00DB04F2 /* NSError+InfoPlist.m */; };
		6DAEEDFF1EDEC99C00DB04F2 /* InfoPlistBuddy.m in Sources */ = {isa = PBXBuildFile; fileRef = 6DAEEDFE1EDEC99C00DB04F2 /* InfoPlistBuddy.m */; };
		D44B71E01EE06D3800269A04 /* InfoPlistEditor.m in Sources */ = {isa = PBXBuildFile; fileRef = D44B71DF1EE06D3800269A04 /* InfoPlistEditor.m */; };
		D44B71E31EE06EC300269A04 /* InfoPlistReader.m in Sources */ = {isa = PBXBuildFile; fileRef = D44B71E21EE06EC300269A04 /* InfoPlistReader.m */; };
		D4ED22881EE25A4A0057F55F /* CLArguments+ZipArchive.m in Sources */ = {isa = PBXBuildFile; fileRef = D4ED22871EE25A4A0057F55F /* CLArguments+ZipArchive.m */; };
		D4ED228B1EE2C0BB0057F55F /* NSString+IPATool.m in Sources */ = {isa = PBXBuildFile; fileRef = D4ED228A1EE2C0BB0057F55F /* NSString+IPATool.m */; };
		D4ED228E1EE3F9190057F55F /* CSSigner.m in Sources */ = {isa = PBXBuildFile; fileRef = D4ED228D1EE3F9190057F55F /* CSSigner.m */; };
		D4ED22911EE40B3F0057F55F /* ZipArchive.m in Sources */ = {isa = PBXBuildFile; fileRef = D4ED22901EE40B3F0057F55F /* ZipArchive.m */; };
		D4ED22941EE457670057F55F /* NSFileManager+IPATool.m in Sources */ = {isa = PBXBuildFile; fileRef = D4ED22931EE457670057F55F /* NSFileManager+IPATool.m */; };
		D4ED22971EE46E5D0057F55F /* ITZip.m in Sources */ = {isa = PBXBuildFile; fileRef = D4ED22961EE46E5D0057F55F /* ITZip.m */; };
/* End PBXBuildFile section */

/* Begin PBXCopyFilesBuildPhase section */
		6DAEED8A1EDE6B3000DB04F2 /* Copy Files */ = {
			isa = PBXCopyFilesBuildPhase;
			buildActionMask = 2147483647;
			dstPath = /usr/share/man/man1/;
			dstSubfolderSpec = 0;
			files = (
			);
			name = "Copy Files";
			runOnlyForDeploymentPostprocessing = 1;
		};
/* End PBXCopyFilesBuildPhase section */

/* Begin PBXFileReference section */
		6D04F6BB1EE0FF4E007D48F5 /* ITPath.h */ = {isa = PBXFileReference; fileEncoding = 4; lastKnownFileType = sourcecode.c.h; path = ITPath.h; sourceTree = "<group>"; };
		6D04F6BC1EE0FF4E007D48F5 /* ITPath.m */ = {isa = PBXFileReference; fileEncoding = 4; lastKnownFileType = sourcecode.c.objc; path = ITPath.m; sourceTree = "<group>"; };
		6D04F6BD1EE0FF4E007D48F5 /* ITPayload.h */ = {isa = PBXFileReference; fileEncoding = 4; lastKnownFileType = sourcecode.c.h; path = ITPayload.h; sourceTree = "<group>"; };
		6D04F6BE1EE0FF4E007D48F5 /* ITPayload.m */ = {isa = PBXFileReference; fileEncoding = 4; lastKnownFileType = sourcecode.c.objc; path = ITPayload.m; sourceTree = "<group>"; };
		6D04F6C11EE0FF8C007D48F5 /* ITApp.h */ = {isa = PBXFileReference; fileEncoding = 4; lastKnownFileType = sourcecode.c.h; path = ITApp.h; sourceTree = "<group>"; };
		6D04F6C21EE0FF8C007D48F5 /* ITApp.m */ = {isa = PBXFileReference; fileEncoding = 4; lastKnownFileType = sourcecode.c.objc; path = ITApp.m; sourceTree = "<group>"; };
		6D04F6C41EE0FFAC007D48F5 /* ITIPA.h */ = {isa = PBXFileReference; fileEncoding = 4; lastKnownFileType = sourcecode.c.h; path = ITIPA.h; sourceTree = "<group>"; };
		6D04F6C51EE0FFAC007D48F5 /* ITIPA.m */ = {isa = PBXFileReference; fileEncoding = 4; lastKnownFileType = sourcecode.c.objc; path = ITIPA.m; sourceTree = "<group>"; };
		6D04F6C71EE10A55007D48F5 /* ITInfoPlist.h */ = {isa = PBXFileReference; fileEncoding = 4; lastKnownFileType = sourcecode.c.h; path = ITInfoPlist.h; sourceTree = "<group>"; };
		6D04F6C81EE10A55007D48F5 /* ITInfoPlist.m */ = {isa = PBXFileReference; fileEncoding = 4; lastKnownFileType = sourcecode.c.objc; path = ITInfoPlist.m; sourceTree = "<group>"; };
		6D04F6CA1EE10B87007D48F5 /* ITPlugin.h */ = {isa = PBXFileReference; fileEncoding = 4; lastKnownFileType = sourcecode.c.h; path = ITPlugin.h; sourceTree = "<group>"; };
		6D04F6CB1EE10B87007D48F5 /* ITPlugin.m */ = {isa = PBXFileReference; fileEncoding = 4; lastKnownFileType = sourcecode.c.objc; path = ITPlugin.m; sourceTree = "<group>"; };
		6D04F6CD1EE1159D007D48F5 /* ITBinary.h */ = {isa = PBXFileReference; fileEncoding = 4; lastKnownFileType = sourcecode.c.h; path = ITBinary.h; sourceTree = "<group>"; };
		6D04F6CE1EE1159D007D48F5 /* ITBinary.m */ = {isa = PBXFileReference; fileEncoding = 4; lastKnownFileType = sourcecode.c.objc; path = ITBinary.m; sourceTree = "<group>"; };
		6D04F6D31EE125AA007D48F5 /* NSArray+IPATool.h */ = {isa = PBXFileReference; fileEncoding = 4; lastKnownFileType = sourcecode.c.h; path = "NSArray+IPATool.h"; sourceTree = "<group>"; };
		6D04F6D41EE125AA007D48F5 /* NSArray+IPATool.m */ = {isa = PBXFileReference; fileEncoding = 4; lastKnownFileType = sourcecode.c.objc; path = "NSArray+IPATool.m"; sourceTree = "<group>"; };
		6D04F6DB1EE13CB9007D48F5 /* CLArguments+CodeSign.h */ = {isa = PBXFileReference; fileEncoding = 4; lastKnownFileType = sourcecode.c.h; path = "CLArguments+CodeSign.h"; sourceTree = "<group>"; };
		6D04F6DC1EE13CB9007D48F5 /* CLArguments+CodeSign.m */ = {isa = PBXFileReference; fileEncoding = 4; lastKnownFileType = sourcecode.c.objc; path = "CLArguments+CodeSign.m"; sourceTree = "<group>"; };
		6D04F6DE1EE142A7007D48F5 /* CodeSign.h */ = {isa = PBXFileReference; fileEncoding = 4; lastKnownFileType = sourcecode.c.h; path = CodeSign.h; sourceTree = "<group>"; };
		6D04F6DF1EE142A7007D48F5 /* CodeSign.m */ = {isa = PBXFileReference; fileEncoding = 4; lastKnownFileType = sourcecode.c.objc; path = CodeSign.m; sourceTree = "<group>"; };
		6D04F6E51EE147A4007D48F5 /* ITMobileProvision.h */ = {isa = PBXFileReference; fileEncoding = 4; lastKnownFileType = sourcecode.c.h; path = ITMobileProvision.h; sourceTree = "<group>"; };
		6D04F6E61EE147A4007D48F5 /* ITMobileProvision.m */ = {isa = PBXFileReference; fileEncoding = 4; lastKnownFileType = sourcecode.c.objc; path = ITMobileProvision.m; sourceTree = "<group>"; };
		6D04F6E91EE14A67007D48F5 /* MUEntitlements.h */ = {isa = PBXFileReference; fileEncoding = 4; lastKnownFileType = sourcecode.c.h; path = MUEntitlements.h; sourceTree = "<group>"; };
		6D04F6EA1EE14A67007D48F5 /* MUEntitlements.m */ = {isa = PBXFileReference; fileEncoding = 4; lastKnownFileType = sourcecode.c.objc; path = MUEntitlements.m; sourceTree = "<group>"; };
		6D04F6EB1EE14A67007D48F5 /* MUMobileProvision.h */ = {isa = PBXFileReference; fileEncoding = 4; lastKnownFileType = sourcecode.c.h; path = MUMobileProvision.h; sourceTree = "<group>"; };
		6D04F6EC1EE14A67007D48F5 /* MUMobileProvision.m */ = {isa = PBXFileReference; fileEncoding = 4; lastKnownFileType = sourcecode.c.objc; path = MUMobileProvision.m; sourceTree = "<group>"; };
		6D0C3DE71EF26C2000CDC934 /* Certificate.h */ = {isa = PBXFileReference; fileEncoding = 4; lastKnownFileType = sourcecode.c.h; path = Certificate.h; sourceTree = "<group>"; };
		6D0C3DE81EF26C2000CDC934 /* Certificate.m */ = {isa = PBXFileReference; fileEncoding = 4; lastKnownFileType = sourcecode.c.objc; path = Certificate.m; sourceTree = "<group>"; };
		6D64B5371EE506E800CF54BB /* IPAResult.h */ = {isa = PBXFileReference; fileEncoding = 4; lastKnownFileType = sourcecode.c.h; path = IPAResult.h; sourceTree = "<group>"; };
		6D64B5381EE506E800CF54BB /* IPAResult.m */ = {isa = PBXFileReference; fileEncoding = 4; lastKnownFileType = sourcecode.c.objc; path = IPAResult.m; sourceTree = "<group>"; };
		6D6627081EE15A8A0036E136 /* NSError+CodeSign.h */ = {isa = PBXFileReference; fileEncoding = 4; lastKnownFileType = sourcecode.c.h; path = "NSError+CodeSign.h"; sourceTree = "<group>"; };
		6D6627091EE15A8A0036E136 /* NSError+CodeSign.m */ = {isa = PBXFileReference; fileEncoding = 4; lastKnownFileType = sourcecode.c.objc; path = "NSError+CodeSign.m"; sourceTree = "<group>"; };
		6D6627111EE16FAB0036E136 /* ITPackage.h */ = {isa = PBXFileReference; fileEncoding = 4; lastKnownFileType = sourcecode.c.h; path = ITPackage.h; sourceTree = "<group>"; };
		6D6627121EE16FAB0036E136 /* ITPackage.m */ = {isa = PBXFileReference; fileEncoding = 4; lastKnownFileType = sourcecode.c.objc; path = ITPackage.m; sourceTree = "<group>"; };
		6DAEED8C1EDE6B3000DB04F2 /* IPATool */ = {isa = PBXFileReference; explicitFileType = "compiled.mach-o.executable"; includeInIndex = 0; path = IPATool; sourceTree = BUILT_PRODUCTS_DIR; };
		6DAEED8F1EDE6B3000DB04F2 /* main.m */ = {isa = PBXFileReference; lastKnownFileType = sourcecode.c.objc; path = main.m; sourceTree = "<group>"; };
		6DAEED971EDE6B9600DB04F2 /* CLArguments.h */ = {isa = PBXFileReference; fileEncoding = 4; lastKnownFileType = sourcecode.c.h; path = CLArguments.h; sourceTree = "<group>"; };
		6DAEED981EDE6B9600DB04F2 /* CLArguments.m */ = {isa = PBXFileReference; fileEncoding = 4; lastKnownFileType = sourcecode.c.objc; path = CLArguments.m; sourceTree = "<group>"; };
		6DAEED991EDE6B9600DB04F2 /* CLCommandExplain.h */ = {isa = PBXFileReference; fileEncoding = 4; lastKnownFileType = sourcecode.c.h; path = CLCommandExplain.h; sourceTree = "<group>"; };
		6DAEED9A1EDE6B9600DB04F2 /* CLCommandExplain.m */ = {isa = PBXFileReference; fileEncoding = 4; lastKnownFileType = sourcecode.c.objc; path = CLCommandExplain.m; sourceTree = "<group>"; };
		6DAEED9B1EDE6B9600DB04F2 /* CLExplainItem.h */ = {isa = PBXFileReference; fileEncoding = 4; lastKnownFileType = sourcecode.c.h; path = CLExplainItem.h; sourceTree = "<group>"; };
		6DAEED9C1EDE6B9600DB04F2 /* CLExplainItem.m */ = {isa = PBXFileReference; fileEncoding = 4; lastKnownFileType = sourcecode.c.objc; path = CLExplainItem.m; sourceTree = "<group>"; };
		6DAEED9D1EDE6B9600DB04F2 /* CommandLine.h */ = {isa = PBXFileReference; fileEncoding = 4; lastKnownFileType = sourcecode.c.h; path = CommandLine.h; sourceTree = "<group>"; };
		6DAEED9E1EDE6B9600DB04F2 /* NSTask+CommandLine.h */ = {isa = PBXFileReference; fileEncoding = 4; lastKnownFileType = sourcecode.c.h; path = "NSTask+CommandLine.h"; sourceTree = "<group>"; };
		6DAEED9F1EDE6B9600DB04F2 /* NSTask+CommandLine.m */ = {isa = PBXFileReference; fileEncoding = 4; lastKnownFileType = sourcecode.c.objc; path = "NSTask+CommandLine.m"; sourceTree = "<group>"; };
		6DAEEDA91EDE6D0D00DB04F2 /* CLArguments+IPATool.h */ = {isa = PBXFileReference; fileEncoding = 4; lastKnownFileType = sourcecode.c.h; path = "CLArguments+IPATool.h"; sourceTree = "<group>"; };
		6DAEEDAA1EDE6D0D00DB04F2 /* CLArguments+IPATool.m */ = {isa = PBXFileReference; fileEncoding = 4; lastKnownFileType = sourcecode.c.objc; path = "CLArguments+IPATool.m"; sourceTree = "<group>"; };
		6DAEEDB71EDE737100DB04F2 /* CLArguments+AppIcon.h */ = {isa = PBXFileReference; fileEncoding = 4; lastKnownFileType = sourcecode.c.h; path = "CLArguments+AppIcon.h"; sourceTree = "<group>"; };
		6DAEEDB81EDE737100DB04F2 /* CLArguments+AppIcon.m */ = {isa = PBXFileReference; fileEncoding = 4; lastKnownFileType = sourcecode.c.objc; path = "CLArguments+AppIcon.m"; sourceTree = "<group>"; };
		6DAEEDBE1EDE751100DB04F2 /* AppIcon.h */ = {isa = PBXFileReference; fileEncoding = 4; lastKnownFileType = sourcecode.c.h; path = AppIcon.h; sourceTree = "<group>"; };
		6DAEEDBF1EDE751100DB04F2 /* AppIcon.m */ = {isa = PBXFileReference; fileEncoding = 4; lastKnownFileType = sourcecode.c.objc; path = AppIcon.m; sourceTree = "<group>"; };
		6DAEEDC11EDE759600DB04F2 /* AIMatcher.h */ = {isa = PBXFileReference; fileEncoding = 4; lastKnownFileType = sourcecode.c.h; path = AIMatcher.h; sourceTree = "<group>"; };
		6DAEEDC21EDE759600DB04F2 /* AIMatcher.m */ = {isa = PBXFileReference; fileEncoding = 4; lastKnownFileType = sourcecode.c.objc; path = AIMatcher.m; sourceTree = "<group>"; };
		6DAEEDC41EDE765D00DB04F2 /* PrefixHeader.pch */ = {isa = PBXFileReference; fileEncoding = 4; lastKnownFileType = sourcecode.c.h; path = PrefixHeader.pch; sourceTree = "<group>"; };
		6DAEEDC61EDE8FCA00DB04F2 /* NSError+AppIcon.h */ = {isa = PBXFileReference; fileEncoding = 4; lastKnownFileType = sourcecode.c.h; path = "NSError+AppIcon.h"; sourceTree = "<group>"; };
		6DAEEDC71EDE8FCA00DB04F2 /* NSError+AppIcon.m */ = {isa = PBXFileReference; fileEncoding = 4; lastKnownFileType = sourcecode.c.objc; path = "NSError+AppIcon.m"; sourceTree = "<group>"; };
		6DAEEDCC1EDE921100DB04F2 /* AppIconConst.h */ = {isa = PBXFileReference; lastKnownFileType = sourcecode.c.h; path = AppIconConst.h; sourceTree = "<group>"; };
		6DAEEDCE1EDE96B200DB04F2 /* MUPath.h */ = {isa = PBXFileReference; fileEncoding = 4; lastKnownFileType = sourcecode.c.h; path = MUPath.h; sourceTree = "<group>"; };
		6DAEEDCF1EDE96B200DB04F2 /* MUPath.m */ = {isa = PBXFileReference; fileEncoding = 4; lastKnownFileType = sourcecode.c.objc; path = MUPath.m; sourceTree = "<group>"; };
		6DAEEDD11EDE96CB00DB04F2 /* AIIconName.h */ = {isa = PBXFileReference; fileEncoding = 4; lastKnownFileType = sourcecode.c.h; path = AIIconName.h; sourceTree = "<group>"; };
		6DAEEDD21EDE96CB00DB04F2 /* AIIconName.m */ = {isa = PBXFileReference; fileEncoding = 4; lastKnownFileType = sourcecode.c.objc; path = AIIconName.m; sourceTree = "<group>"; };
		6DAEEDD41EDE980200DB04F2 /* AIIconNameSet.h */ = {isa = PBXFileReference; fileEncoding = 4; lastKnownFileType = sourcecode.c.h; path = AIIconNameSet.h; sourceTree = "<group>"; };
		6DAEEDD51EDE980200DB04F2 /* AIIconNameSet.m */ = {isa = PBXFileReference; fileEncoding = 4; lastKnownFileType = sourcecode.c.objc; path = AIIconNameSet.m; sourceTree = "<group>"; };
		6DAEEDDB1EDEA23400DB04F2 /* IPACommandTask.h */ = {isa = PBXFileReference; fileEncoding = 4; lastKnownFileType = sourcecode.c.h; path = IPACommandTask.h; sourceTree = "<group>"; };
		6DAEEDDC1EDEA23400DB04F2 /* IPACommandTask.m */ = {isa = PBXFileReference; fileEncoding = 4; lastKnownFileType = sourcecode.c.objc; path = IPACommandTask.m; sourceTree = "<group>"; };
		6DAEEDDE1EDEA27900DB04F2 /* IPAMain.h */ = {isa = PBXFileReference; fileEncoding = 4; lastKnownFileType = sourcecode.c.h; path = IPAMain.h; sourceTree = "<group>"; };
		6DAEEDDF1EDEA27900DB04F2 /* IPAMain.m */ = {isa = PBXFileReference; fileEncoding = 4; lastKnownFileType = sourcecode.c.objc; path = IPAMain.m; sourceTree = "<group>"; };
		6DAEEDE21EDEA4C200DB04F2 /* NSImage+AppIcon.h */ = {isa = PBXFileReference; fileEncoding = 4; lastKnownFileType = sourcecode.c.h; path = "NSImage+AppIcon.h"; sourceTree = "<group>"; };
		6DAEEDE31EDEA4C200DB04F2 /* NSImage+AppIcon.m */ = {isa = PBXFileReference; fileEncoding = 4; lastKnownFileType = sourcecode.c.objc; path = "NSImage+AppIcon.m"; sourceTree = "<group>"; };
		6DAEEDE61EDEAFA100DB04F2 /* NSError+IPATool.h */ = {isa = PBXFileReference; fileEncoding = 4; lastKnownFileType = sourcecode.c.h; path = "NSError+IPATool.h"; sourceTree = "<group>"; };
		6DAEEDE71EDEAFA100DB04F2 /* NSError+IPATool.m */ = {isa = PBXFileReference; fileEncoding = 4; lastKnownFileType = sourcecode.c.objc; path = "NSError+IPATool.m"; sourceTree = "<group>"; };
		6DAEEDED1EDEB38300DB04F2 /* CLArguments+InfoPlist.h */ = {isa = PBXFileReference; fileEncoding = 4; lastKnownFileType = sourcecode.c.h; path = "CLArguments+InfoPlist.h"; sourceTree = "<group>"; };
		6DAEEDEE1EDEB38300DB04F2 /* CLArguments+InfoPlist.m */ = {isa = PBXFileReference; fileEncoding = 4; lastKnownFileType = sourcecode.c.objc; path = "CLArguments+InfoPlist.m"; sourceTree = "<group>"; };
		6DAEEDF01EDEBA1C00DB04F2 /* InfoPlist.h */ = {isa = PBXFileReference; fileEncoding = 4; lastKnownFileType = sourcecode.c.h; path = InfoPlist.h; sourceTree = "<group>"; };
		6DAEEDF11EDEBA1C00DB04F2 /* InfoPlist.m */ = {isa = PBXFileReference; fileEncoding = 4; lastKnownFileType = sourcecode.c.objc; path = InfoPlist.m; sourceTree = "<group>"; };
		6DAEEDFA1EDEC3CD00DB04F2 /* NSError+InfoPlist.h */ = {isa = PBXFileReference; fileEncoding = 4; lastKnownFileType = sourcecode.c.h; path = "NSError+InfoPlist.h"; sourceTree = "<group>"; };
		6DAEEDFB1EDEC3CD00DB04F2 /* NSError+InfoPlist.m */ = {isa = PBXFileReference; fileEncoding = 4; lastKnownFileType = sourcecode.c.objc; path = "NSError+InfoPlist.m"; sourceTree = "<group>"; };
		6DAEEDFD1EDEC99C00DB04F2 /* InfoPlistBuddy.h */ = {isa = PBXFileReference; fileEncoding = 4; lastKnownFileType = sourcecode.c.h; path = InfoPlistBuddy.h; sourceTree = "<group>"; };
		6DAEEDFE1EDEC99C00DB04F2 /* InfoPlistBuddy.m */ = {isa = PBXFileReference; fileEncoding = 4; lastKnownFileType = sourcecode.c.objc; path = InfoPlistBuddy.m; sourceTree = "<group>"; };
		D44B71DE1EE06D3800269A04 /* InfoPlistEditor.h */ = {isa = PBXFileReference; fileEncoding = 4; lastKnownFileType = sourcecode.c.h; path = InfoPlistEditor.h; sourceTree = "<group>"; };
		D44B71DF1EE06D3800269A04 /* InfoPlistEditor.m */ = {isa = PBXFileReference; fileEncoding = 4; lastKnownFileType = sourcecode.c.objc; path = InfoPlistEditor.m; sourceTree = "<group>"; };
		D44B71E11EE06EC300269A04 /* InfoPlistReader.h */ = {isa = PBXFileReference; fileEncoding = 4; lastKnownFileType = sourcecode.c.h; path = InfoPlistReader.h; sourceTree = "<group>"; };
		D44B71E21EE06EC300269A04 /* InfoPlistReader.m */ = {isa = PBXFileReference; fileEncoding = 4; lastKnownFileType = sourcecode.c.objc; path = InfoPlistReader.m; sourceTree = "<group>"; };
		D4ED22861EE25A4A0057F55F /* CLArguments+ZipArchive.h */ = {isa = PBXFileReference; fileEncoding = 4; lastKnownFileType = sourcecode.c.h; path = "CLArguments+ZipArchive.h"; sourceTree = "<group>"; };
		D4ED22871EE25A4A0057F55F /* CLArguments+ZipArchive.m */ = {isa = PBXFileReference; fileEncoding = 4; lastKnownFileType = sourcecode.c.objc; path = "CLArguments+ZipArchive.m"; sourceTree = "<group>"; };
		D4ED22891EE2C0BB0057F55F /* NSString+IPATool.h */ = {isa = PBXFileReference; fileEncoding = 4; lastKnownFileType = sourcecode.c.h; path = "NSString+IPATool.h"; sourceTree = "<group>"; };
		D4ED228A1EE2C0BB0057F55F /* NSString+IPATool.m */ = {isa = PBXFileReference; fileEncoding = 4; lastKnownFileType = sourcecode.c.objc; path = "NSString+IPATool.m"; sourceTree = "<group>"; };
		D4ED228C1EE3F9190057F55F /* CSSigner.h */ = {isa = PBXFileReference; fileEncoding = 4; lastKnownFileType = sourcecode.c.h; path = CSSigner.h; sourceTree = "<group>"; };
		D4ED228D1EE3F9190057F55F /* CSSigner.m */ = {isa = PBXFileReference; fileEncoding = 4; lastKnownFileType = sourcecode.c.objc; path = CSSigner.m; sourceTree = "<group>"; };
		D4ED228F1EE40B3F0057F55F /* ZipArchive.h */ = {isa = PBXFileReference; fileEncoding = 4; lastKnownFileType = sourcecode.c.h; path = ZipArchive.h; sourceTree = "<group>"; };
		D4ED22901EE40B3F0057F55F /* ZipArchive.m */ = {isa = PBXFileReference; fileEncoding = 4; lastKnownFileType = sourcecode.c.objc; path = ZipArchive.m; sourceTree = "<group>"; };
		D4ED22921EE457670057F55F /* NSFileManager+IPATool.h */ = {isa = PBXFileReference; fileEncoding = 4; lastKnownFileType = sourcecode.c.h; path = "NSFileManager+IPATool.h"; sourceTree = "<group>"; };
		D4ED22931EE457670057F55F /* NSFileManager+IPATool.m */ = {isa = PBXFileReference; fileEncoding = 4; lastKnownFileType = sourcecode.c.objc; path = "NSFileManager+IPATool.m"; sourceTree = "<group>"; };
		D4ED22951EE46E5D0057F55F /* ITZip.h */ = {isa = PBXFileReference; fileEncoding = 4; lastKnownFileType = sourcecode.c.h; path = ITZip.h; sourceTree = "<group>"; };
		D4ED22961EE46E5D0057F55F /* ITZip.m */ = {isa = PBXFileReference; fileEncoding = 4; lastKnownFileType = sourcecode.c.objc; path = ITZip.m; sourceTree = "<group>"; };
/* End PBXFileReference section */

/* Begin PBXFrameworksBuildPhase section */
		6DAEED891EDE6B3000DB04F2 /* Frameworks */ = {
			isa = PBXFrameworksBuildPhase;
			buildActionMask = 2147483647;
			files = (
			);
			runOnlyForDeploymentPostprocessing = 0;
		};
/* End PBXFrameworksBuildPhase section */

/* Begin PBXGroup section */
		6D04F6BA1EE0FF4E007D48F5 /* Path */ = {
			isa = PBXGroup;
			children = (
				6D04F6BB1EE0FF4E007D48F5 /* ITPath.h */,
				6D04F6BC1EE0FF4E007D48F5 /* ITPath.m */,
				D4ED22951EE46E5D0057F55F /* ITZip.h */,
				D4ED22961EE46E5D0057F55F /* ITZip.m */,
				6D04F6C41EE0FFAC007D48F5 /* ITIPA.h */,
				6D04F6C51EE0FFAC007D48F5 /* ITIPA.m */,
				6D04F6BD1EE0FF4E007D48F5 /* ITPayload.h */,
				6D04F6BE1EE0FF4E007D48F5 /* ITPayload.m */,
				6D6627111EE16FAB0036E136 /* ITPackage.h */,
				6D6627121EE16FAB0036E136 /* ITPackage.m */,
				6D04F6C11EE0FF8C007D48F5 /* ITApp.h */,
				6D04F6C21EE0FF8C007D48F5 /* ITApp.m */,
				6D04F6CA1EE10B87007D48F5 /* ITPlugin.h */,
				6D04F6CB1EE10B87007D48F5 /* ITPlugin.m */,
				6D04F6C71EE10A55007D48F5 /* ITInfoPlist.h */,
				6D04F6C81EE10A55007D48F5 /* ITInfoPlist.m */,
				6D04F6CD1EE1159D007D48F5 /* ITBinary.h */,
				6D04F6CE1EE1159D007D48F5 /* ITBinary.m */,
				6D04F6E51EE147A4007D48F5 /* ITMobileProvision.h */,
				6D04F6E61EE147A4007D48F5 /* ITMobileProvision.m */,
			);
			path = Path;
			sourceTree = "<group>";
		};
		6D04F6D61EE13C84007D48F5 /* CodeSign */ = {
			isa = PBXGroup;
			children = (
				6D04F6D81EE13CA9007D48F5 /* Category */,
				6D04F6D71EE13CA9007D48F5 /* Classes */,
			);
			path = CodeSign;
			sourceTree = "<group>";
		};
		6D04F6D71EE13CA9007D48F5 /* Classes */ = {
			isa = PBXGroup;
			children = (
				6D04F6DE1EE142A7007D48F5 /* CodeSign.h */,
				6D04F6DF1EE142A7007D48F5 /* CodeSign.m */,
				D4ED228C1EE3F9190057F55F /* CSSigner.h */,
				D4ED228D1EE3F9190057F55F /* CSSigner.m */,
			);
			path = Classes;
			sourceTree = "<group>";
		};
		6D04F6D81EE13CA9007D48F5 /* Category */ = {
			isa = PBXGroup;
			children = (
				6D04F6D91EE13CA9007D48F5 /* CLArguments */,
				6D04F6DA1EE13CA9007D48F5 /* Foundation */,
			);
			path = Category;
			sourceTree = "<group>";
		};
		6D04F6D91EE13CA9007D48F5 /* CLArguments */ = {
			isa = PBXGroup;
			children = (
				6D04F6DB1EE13CB9007D48F5 /* CLArguments+CodeSign.h */,
				6D04F6DC1EE13CB9007D48F5 /* CLArguments+CodeSign.m */,
			);
			path = CLArguments;
			sourceTree = "<group>";
		};
		6D04F6DA1EE13CA9007D48F5 /* Foundation */ = {
			isa = PBXGroup;
			children = (
				6D6627081EE15A8A0036E136 /* NSError+CodeSign.h */,
				6D6627091EE15A8A0036E136 /* NSError+CodeSign.m */,
			);
			path = Foundation;
			sourceTree = "<group>";
		};
		6D04F6E11EE146D9007D48F5 /* MobileProvision */ = {
			isa = PBXGroup;
			children = (
				6D04F6E21EE146D9007D48F5 /* Category */,
				6D04F6E41EE146D9007D48F5 /* Classes */,
			);
			path = MobileProvision;
			sourceTree = "<group>";
		};
		6D04F6E21EE146D9007D48F5 /* Category */ = {
			isa = PBXGroup;
			children = (
				6D04F6E31EE146D9007D48F5 /* CLArguments */,
			);
			path = Category;
			sourceTree = "<group>";
		};
		6D04F6E31EE146D9007D48F5 /* CLArguments */ = {
			isa = PBXGroup;
			children = (
			);
			path = CLArguments;
			sourceTree = "<group>";
		};
		6D04F6E41EE146D9007D48F5 /* Classes */ = {
			isa = PBXGroup;
			children = (
			);
			path = Classes;
			sourceTree = "<group>";
		};
		6D04F6E81EE14A67007D48F5 /* MUMobileProvision */ = {
			isa = PBXGroup;
			children = (
				6D04F6E91EE14A67007D48F5 /* MUEntitlements.h */,
				6D04F6EA1EE14A67007D48F5 /* MUEntitlements.m */,
				6D04F6EB1EE14A67007D48F5 /* MUMobileProvision.h */,
				6D04F6EC1EE14A67007D48F5 /* MUMobileProvision.m */,
			);
			path = MUMobileProvision;
			sourceTree = "<group>";
		};
		6D0C3DE31EF26BFC00CDC934 /* Certificate */ = {
			isa = PBXGroup;
			children = (
				6D0C3DE41EF26BFC00CDC934 /* Category */,
				6D0C3DE61EF26BFC00CDC934 /* Classes */,
			);
			path = Certificate;
			sourceTree = "<group>";
		};
		6D0C3DE41EF26BFC00CDC934 /* Category */ = {
			isa = PBXGroup;
			children = (
				6D0C3DE51EF26BFC00CDC934 /* CLArguments */,
			);
			path = Category;
			sourceTree = "<group>";
		};
		6D0C3DE51EF26BFC00CDC934 /* CLArguments */ = {
			isa = PBXGroup;
			children = (
			);
			path = CLArguments;
			sourceTree = "<group>";
		};
		6D0C3DE61EF26BFC00CDC934 /* Classes */ = {
			isa = PBXGroup;
			children = (
				6D0C3DE71EF26C2000CDC934 /* Certificate.h */,
				6D0C3DE81EF26C2000CDC934 /* Certificate.m */,
			);
			path = Classes;
			sourceTree = "<group>";
		};
		6DAEED831EDE6B3000DB04F2 = {
			isa = PBXGroup;
			children = (
				6DAEED8E1EDE6B3000DB04F2 /* IPATool */,
				6DAEED8D1EDE6B3000DB04F2 /* Products */,
			);
			sourceTree = "<group>";
			usesTabs = 1;
		};
		6DAEED8D1EDE6B3000DB04F2 /* Products */ = {
			isa = PBXGroup;
			children = (
				6DAEED8C1EDE6B3000DB04F2 /* IPATool */,
			);
			name = Products;
			sourceTree = "<group>";
		};
		6DAEED8E1EDE6B3000DB04F2 /* IPATool */ = {
			isa = PBXGroup;
			children = (
				6DAEEDA51EDE6C5100DB04F2 /* Shared */,
				6DAEEDB41EDE737100DB04F2 /* AppIcon */,
				6DAEEDE91EDEB35300DB04F2 /* InfoPlist */,
				6D04F6D61EE13C84007D48F5 /* CodeSign */,
				6D04F6E11EE146D9007D48F5 /* MobileProvision */,
				6D0C3DE31EF26BFC00CDC934 /* Certificate */,
				D4ED22821EE25A120057F55F /* ZipArchive */,
				6DAEED8F1EDE6B3000DB04F2 /* main.m */,
				6DAEEDC41EDE765D00DB04F2 /* PrefixHeader.pch */,
			);
			path = IPATool;
			sourceTree = "<group>";
		};
		6DAEED961EDE6B9600DB04F2 /* CommandLine */ = {
			isa = PBXGroup;
			children = (
				6DAEED971EDE6B9600DB04F2 /* CLArguments.h */,
				6DAEED981EDE6B9600DB04F2 /* CLArguments.m */,
				6DAEED991EDE6B9600DB04F2 /* CLCommandExplain.h */,
				6DAEED9A1EDE6B9600DB04F2 /* CLCommandExplain.m */,
				6DAEED9B1EDE6B9600DB04F2 /* CLExplainItem.h */,
				6DAEED9C1EDE6B9600DB04F2 /* CLExplainItem.m */,
				6DAEED9D1EDE6B9600DB04F2 /* CommandLine.h */,
				6DAEED9E1EDE6B9600DB04F2 /* NSTask+CommandLine.h */,
				6DAEED9F1EDE6B9600DB04F2 /* NSTask+CommandLine.m */,
			);
			name = CommandLine;
			path = ../../../../CommandLine/CommandLine/CommandLine;
			sourceTree = "<group>";
		};
		6DAEEDA51EDE6C5100DB04F2 /* Shared */ = {
			isa = PBXGroup;
			children = (
				6DAEEDA61EDE6C7700DB04F2 /* Category */,
				6DAEEDA71EDE6C7700DB04F2 /* Library */,
				6DAEEDD71EDEA1E500DB04F2 /* Classes */,
			);
			path = Shared;
			sourceTree = "<group>";
		};
		6DAEEDA61EDE6C7700DB04F2 /* Category */ = {
			isa = PBXGroup;
			children = (
				6DAEEDA81EDE6CC300DB04F2 /* CLArguments */,
				6DAEEDE51EDEAF9400DB04F2 /* Foundation */,
			);
			path = Category;
			sourceTree = "<group>";
		};
		6DAEEDA71EDE6C7700DB04F2 /* Library */ = {
			isa = PBXGroup;
			children = (
				6DAEED961EDE6B9600DB04F2 /* CommandLine */,
				6DAEEDCD1EDE96A500DB04F2 /* MUPath */,
				6D04F6E81EE14A67007D48F5 /* MUMobileProvision */,
			);
			path = Library;
			sourceTree = "<group>";
		};
		6DAEEDA81EDE6CC300DB04F2 /* CLArguments */ = {
			isa = PBXGroup;
			children = (
				6DAEEDA91EDE6D0D00DB04F2 /* CLArguments+IPATool.h */,
				6DAEEDAA1EDE6D0D00DB04F2 /* CLArguments+IPATool.m */,
			);
			path = CLArguments;
			sourceTree = "<group>";
		};
		6DAEEDB41EDE737100DB04F2 /* AppIcon */ = {
			isa = PBXGroup;
			children = (
				6DAEEDCC1EDE921100DB04F2 /* AppIconConst.h */,
				6DAEEDB51EDE737100DB04F2 /* Category */,
				6DAEEDBD1EDE740C00DB04F2 /* Classes */,
			);
			path = AppIcon;
			sourceTree = "<group>";
		};
		6DAEEDB51EDE737100DB04F2 /* Category */ = {
			isa = PBXGroup;
			children = (
				6DAEEDB61EDE737100DB04F2 /* CLArguments */,
				6DAEEDE11EDEA4C200DB04F2 /* Cocoa */,
				6DAEEDC51EDE8FBC00DB04F2 /* Foundation */,
			);
			path = Category;
			sourceTree = "<group>";
		};
		6DAEEDB61EDE737100DB04F2 /* CLArguments */ = {
			isa = PBXGroup;
			children = (
				6DAEEDB71EDE737100DB04F2 /* CLArguments+AppIcon.h */,
				6DAEEDB81EDE737100DB04F2 /* CLArguments+AppIcon.m */,
			);
			path = CLArguments;
			sourceTree = "<group>";
		};
		6DAEEDBD1EDE740C00DB04F2 /* Classes */ = {
			isa = PBXGroup;
			children = (
				6DAEEDBE1EDE751100DB04F2 /* AppIcon.h */,
				6DAEEDBF1EDE751100DB04F2 /* AppIcon.m */,
				6DAEEDC11EDE759600DB04F2 /* AIMatcher.h */,
				6DAEEDC21EDE759600DB04F2 /* AIMatcher.m */,
				6DAEEDD11EDE96CB00DB04F2 /* AIIconName.h */,
				6DAEEDD21EDE96CB00DB04F2 /* AIIconName.m */,
				6DAEEDD41EDE980200DB04F2 /* AIIconNameSet.h */,
				6DAEEDD51EDE980200DB04F2 /* AIIconNameSet.m */,
			);
			path = Classes;
			sourceTree = "<group>";
		};
		6DAEEDC51EDE8FBC00DB04F2 /* Foundation */ = {
			isa = PBXGroup;
			children = (
				6DAEEDC61EDE8FCA00DB04F2 /* NSError+AppIcon.h */,
				6DAEEDC71EDE8FCA00DB04F2 /* NSError+AppIcon.m */,
			);
			path = Foundation;
			sourceTree = "<group>";
		};
		6DAEEDCD1EDE96A500DB04F2 /* MUPath */ = {
			isa = PBXGroup;
			children = (
				6DAEEDCE1EDE96B200DB04F2 /* MUPath.h */,
				6DAEEDCF1EDE96B200DB04F2 /* MUPath.m */,
			);
			path = MUPath;
			sourceTree = "<group>";
		};
		6DAEEDD71EDEA1E500DB04F2 /* Classes */ = {
			isa = PBXGroup;
			children = (
				6D04F6BA1EE0FF4E007D48F5 /* Path */,
				6DAEEDDB1EDEA23400DB04F2 /* IPACommandTask.h */,
				6DAEEDDC1EDEA23400DB04F2 /* IPACommandTask.m */,
				6DAEEDDE1EDEA27900DB04F2 /* IPAMain.h */,
				6DAEEDDF1EDEA27900DB04F2 /* IPAMain.m */,
				6D64B5371EE506E800CF54BB /* IPAResult.h */,
				6D64B5381EE506E800CF54BB /* IPAResult.m */,
			);
			path = Classes;
			sourceTree = "<group>";
		};
		6DAEEDE11EDEA4C200DB04F2 /* Cocoa */ = {
			isa = PBXGroup;
			children = (
				6DAEEDE21EDEA4C200DB04F2 /* NSImage+AppIcon.h */,
				6DAEEDE31EDEA4C200DB04F2 /* NSImage+AppIcon.m */,
			);
			path = Cocoa;
			sourceTree = "<group>";
		};
		6DAEEDE51EDEAF9400DB04F2 /* Foundation */ = {
			isa = PBXGroup;
			children = (
				6DAEEDE61EDEAFA100DB04F2 /* NSError+IPATool.h */,
				6DAEEDE71EDEAFA100DB04F2 /* NSError+IPATool.m */,
				6D04F6D31EE125AA007D48F5 /* NSArray+IPATool.h */,
				6D04F6D41EE125AA007D48F5 /* NSArray+IPATool.m */,
				D4ED22891EE2C0BB0057F55F /* NSString+IPATool.h */,
				D4ED228A1EE2C0BB0057F55F /* NSString+IPATool.m */,
				D4ED22921EE457670057F55F /* NSFileManager+IPATool.h */,
				D4ED22931EE457670057F55F /* NSFileManager+IPATool.m */,
			);
			path = Foundation;
			sourceTree = "<group>";
		};
		6DAEEDE91EDEB35300DB04F2 /* InfoPlist */ = {
			isa = PBXGroup;
			children = (
				6DAEEDEA1EDEB36800DB04F2 /* Category */,
				6DAEEDEB1EDEB36800DB04F2 /* Classes */,
			);
			path = InfoPlist;
			sourceTree = "<group>";
		};
		6DAEEDEA1EDEB36800DB04F2 /* Category */ = {
			isa = PBXGroup;
			children = (
				6DAEEDEC1EDEB37600DB04F2 /* CLArguments */,
				6DAEEDF61EDEBE7100DB04F2 /* Foundation */,
			);
			path = Category;
			sourceTree = "<group>";
		};
		6DAEEDEB1EDEB36800DB04F2 /* Classes */ = {
			isa = PBXGroup;
			children = (
				6DAEEDF01EDEBA1C00DB04F2 /* InfoPlist.h */,
				6DAEEDF11EDEBA1C00DB04F2 /* InfoPlist.m */,
				D44B71DE1EE06D3800269A04 /* InfoPlistEditor.h */,
				D44B71DF1EE06D3800269A04 /* InfoPlistEditor.m */,
				D44B71E11EE06EC300269A04 /* InfoPlistReader.h */,
				D44B71E21EE06EC300269A04 /* InfoPlistReader.m */,
				6DAEEDFD1EDEC99C00DB04F2 /* InfoPlistBuddy.h */,
				6DAEEDFE1EDEC99C00DB04F2 /* InfoPlistBuddy.m */,
			);
			path = Classes;
			sourceTree = "<group>";
		};
		6DAEEDEC1EDEB37600DB04F2 /* CLArguments */ = {
			isa = PBXGroup;
			children = (
				6DAEEDED1EDEB38300DB04F2 /* CLArguments+InfoPlist.h */,
				6DAEEDEE1EDEB38300DB04F2 /* CLArguments+InfoPlist.m */,
			);
			path = CLArguments;
			sourceTree = "<group>";
		};
		6DAEEDF61EDEBE7100DB04F2 /* Foundation */ = {
			isa = PBXGroup;
			children = (
				6DAEEDFA1EDEC3CD00DB04F2 /* NSError+InfoPlist.h */,
				6DAEEDFB1EDEC3CD00DB04F2 /* NSError+InfoPlist.m */,
			);
			path = Foundation;
			sourceTree = "<group>";
		};
		D4ED22821EE25A120057F55F /* ZipArchive */ = {
			isa = PBXGroup;
			children = (
				D4ED22831EE25A3B0057F55F /* Category */,
				D4ED22851EE25A3B0057F55F /* Classes */,
			);
			path = ZipArchive;
			sourceTree = "<group>";
		};
		D4ED22831EE25A3B0057F55F /* Category */ = {
			isa = PBXGroup;
			children = (
				D4ED22841EE25A3B0057F55F /* CLArguments */,
			);
			path = Category;
			sourceTree = "<group>";
		};
		D4ED22841EE25A3B0057F55F /* CLArguments */ = {
			isa = PBXGroup;
			children = (
				D4ED22861EE25A4A0057F55F /* CLArguments+ZipArchive.h */,
				D4ED22871EE25A4A0057F55F /* CLArguments+ZipArchive.m */,
			);
			path = CLArguments;
			sourceTree = "<group>";
		};
		D4ED22851EE25A3B0057F55F /* Classes */ = {
			isa = PBXGroup;
			children = (
				D4ED228F1EE40B3F0057F55F /* ZipArchive.h */,
				D4ED22901EE40B3F0057F55F /* ZipArchive.m */,
			);
			path = Classes;
			sourceTree = "<group>";
		};
/* End PBXGroup section */

/* Begin PBXNativeTarget section */
		6DAEED8B1EDE6B3000DB04F2 /* IPATool */ = {
			isa = PBXNativeTarget;
			buildConfigurationList = 6DAEED931EDE6B3000DB04F2 /* Build configuration list for PBXNativeTarget "IPATool" */;
			buildPhases = (
				6DAEED881EDE6B3000DB04F2 /* Sources */,
				6DAEED891EDE6B3000DB04F2 /* Frameworks */,
				6DAEED8A1EDE6B3000DB04F2 /* Copy Files */,
			);
			buildRules = (
			);
			dependencies = (
			);
			name = IPATool;
			productName = IPATool;
			productReference = 6DAEED8C1EDE6B3000DB04F2 /* IPATool */;
			productType = "com.apple.product-type.tool";
		};
/* End PBXNativeTarget section */

/* Begin PBXProject section */
		6DAEED841EDE6B3000DB04F2 /* Project object */ = {
			isa = PBXProject;
			attributes = {
				CLASSPREFIX = "";
				LastUpgradeCheck = 0830;
				ORGANIZATIONNAME = unique;
				TargetAttributes = {
					6DAEED8B1EDE6B3000DB04F2 = {
						CreatedOnToolsVersion = 8.3.1;
						ProvisioningStyle = Automatic;
					};
				};
			};
			buildConfigurationList = 6DAEED871EDE6B3000DB04F2 /* Build configuration list for PBXProject "IPATool" */;
			compatibilityVersion = "Xcode 3.2";
			developmentRegion = English;
			hasScannedForEncodings = 0;
			knownRegions = (
				en,
			);
			mainGroup = 6DAEED831EDE6B3000DB04F2;
			productRefGroup = 6DAEED8D1EDE6B3000DB04F2 /* Products */;
			projectDirPath = "";
			projectRoot = "";
			targets = (
				6DAEED8B1EDE6B3000DB04F2 /* IPATool */,
			);
		};
/* End PBXProject section */

/* Begin PBXSourcesBuildPhase section */
		6DAEED881EDE6B3000DB04F2 /* Sources */ = {
			isa = PBXSourcesBuildPhase;
			buildActionMask = 2147483647;
			files = (
				6D04F6CC1EE10B87007D48F5 /* ITPlugin.m in Sources */,
				6D04F6EE1EE14A67007D48F5 /* MUMobileProvision.m in Sources */,
				6DAEEDC01EDE751100DB04F2 /* AppIcon.m in Sources */,
				D44B71E31EE06EC300269A04 /* InfoPlistReader.m in Sources */,
				6DAEEDE01EDEA27900DB04F2 /* IPAMain.m in Sources */,
				6DAEEDEF1EDEB38300DB04F2 /* CLArguments+InfoPlist.m in Sources */,
				6D6627131EE16FAB0036E136 /* ITPackage.m in Sources */,
				6DAEEDA11EDE6B9600DB04F2 /* CLCommandExplain.m in Sources */,
				6DAEEDE41EDEA4C200DB04F2 /* NSImage+AppIcon.m in Sources */,
				6DAEEDC81EDE8FCA00DB04F2 /* NSError+AppIcon.m in Sources */,
				D4ED22911EE40B3F0057F55F /* ZipArchive.m in Sources */,
				6DAEEDFF1EDEC99C00DB04F2 /* InfoPlistBuddy.m in Sources */,
				6D04F6C31EE0FF8C007D48F5 /* ITApp.m in Sources */,
				6DAEEDA21EDE6B9600DB04F2 /* CLExplainItem.m in Sources */,
				6D04F6CF1EE1159D007D48F5 /* ITBinary.m in Sources */,
				6DAEEDC31EDE759600DB04F2 /* AIMatcher.m in Sources */,
				D4ED228E1EE3F9190057F55F /* CSSigner.m in Sources */,
				6D04F6DD1EE13CB9007D48F5 /* CLArguments+CodeSign.m in Sources */,
				D4ED22971EE46E5D0057F55F /* ITZip.m in Sources */,
				6D04F6E71EE147A4007D48F5 /* ITMobileProvision.m in Sources */,
				6D04F6E01EE142A7007D48F5 /* CodeSign.m in Sources */,
				D44B71E01EE06D3800269A04 /* InfoPlistEditor.m in Sources */,
				6DAEEDAB1EDE6D0D00DB04F2 /* CLArguments+IPATool.m in Sources */,
				D4ED228B1EE2C0BB0057F55F /* NSString+IPATool.m in Sources */,
				6D04F6C01EE0FF4E007D48F5 /* ITPayload.m in Sources */,
				6DAEEDD01EDE96B200DB04F2 /* MUPath.m in Sources */,
				6DAEEDA31EDE6B9600DB04F2 /* NSTask+CommandLine.m in Sources */,
				6DAEEDBB1EDE737100DB04F2 /* CLArguments+AppIcon.m in Sources */,
				D4ED22941EE457670057F55F /* NSFileManager+IPATool.m in Sources */,
				6DAEEDFC1EDEC3CD00DB04F2 /* NSError+InfoPlist.m in Sources */,
				6D04F6ED1EE14A67007D48F5 /* MUEntitlements.m in Sources */,
				6DAEED901EDE6B3000DB04F2 /* main.m in Sources */,
				6D04F6BF1EE0FF4E007D48F5 /* ITPath.m in Sources */,
				6D04F6D51EE125AA007D48F5 /* NSArray+IPATool.m in Sources */,
				6DAEEDA01EDE6B9600DB04F2 /* CLArguments.m in Sources */,
				6D66270A1EE15A8A0036E136 /* NSError+CodeSign.m in Sources */,
				6DAEEDD31EDE96CB00DB04F2 /* AIIconName.m in Sources */,
				D4ED22881EE25A4A0057F55F /* CLArguments+ZipArchive.m in Sources */,
				6DAEEDF21EDEBA1C00DB04F2 /* InfoPlist.m in Sources */,
				6D0C3DE91EF26C2000CDC934 /* Certificate.m in Sources */,
				6DAEEDE81EDEAFA100DB04F2 /* NSError+IPATool.m in Sources */,
				6D04F6C61EE0FFAC007D48F5 /* ITIPA.m in Sources */,
				6D04F6C91EE10A55007D48F5 /* ITInfoPlist.m in Sources */,
				6DAEEDD61EDE980200DB04F2 /* AIIconNameSet.m in Sources */,
				6D64B5391EE506E800CF54BB /* IPAResult.m in Sources */,
				6DAEEDDD1EDEA23400DB04F2 /* IPACommandTask.m in Sources */,
			);
			runOnlyForDeploymentPostprocessing = 0;
		};
/* End PBXSourcesBuildPhase section */

/* Begin XCBuildConfiguration section */
		6DAEED911EDE6B3000DB04F2 /* Debug */ = {
			isa = XCBuildConfiguration;
			buildSettings = {
				ALWAYS_SEARCH_USER_PATHS = NO;
				CLANG_ANALYZER_NONNULL = YES;
				CLANG_ANALYZER_NUMBER_OBJECT_CONVERSION = YES_AGGRESSIVE;
				CLANG_CXX_LANGUAGE_STANDARD = "gnu++0x";
				CLANG_CXX_LIBRARY = "libc++";
				CLANG_ENABLE_MODULES = YES;
				CLANG_ENABLE_OBJC_ARC = YES;
				CLANG_WARN_BOOL_CONVERSION = YES;
				CLANG_WARN_CONSTANT_CONVERSION = YES;
				CLANG_WARN_DIRECT_OBJC_ISA_USAGE = YES_ERROR;
				CLANG_WARN_DOCUMENTATION_COMMENTS = YES;
				CLANG_WARN_EMPTY_BODY = YES;
				CLANG_WARN_ENUM_CONVERSION = YES;
				CLANG_WARN_INFINITE_RECURSION = YES;
				CLANG_WARN_INT_CONVERSION = YES;
				CLANG_WARN_OBJC_ROOT_CLASS = YES_ERROR;
				CLANG_WARN_SUSPICIOUS_MOVE = YES;
				CLANG_WARN_UNREACHABLE_CODE = YES;
				CLANG_WARN__DUPLICATE_METHOD_MATCH = YES;
				CODE_SIGN_IDENTITY = "-";
				COPY_PHASE_STRIP = NO;
				DEBUG_INFORMATION_FORMAT = dwarf;
				ENABLE_STRICT_OBJC_MSGSEND = YES;
				ENABLE_TESTABILITY = YES;
				GCC_C_LANGUAGE_STANDARD = gnu99;
				GCC_DYNAMIC_NO_PIC = NO;
				GCC_NO_COMMON_BLOCKS = YES;
				GCC_OPTIMIZATION_LEVEL = 0;
				GCC_PREPROCESSOR_DEFINITIONS = (
					"DEBUG=1",
					"$(inherited)",
				);
				GCC_WARN_64_TO_32_BIT_CONVERSION = YES;
				GCC_WARN_ABOUT_RETURN_TYPE = YES_ERROR;
				GCC_WARN_UNDECLARED_SELECTOR = YES;
				GCC_WARN_UNINITIALIZED_AUTOS = YES_AGGRESSIVE;
				GCC_WARN_UNUSED_FUNCTION = YES;
				GCC_WARN_UNUSED_VARIABLE = YES;
				MACOSX_DEPLOYMENT_TARGET = 10.12;
				MTL_ENABLE_DEBUG_INFO = YES;
				ONLY_ACTIVE_ARCH = YES;
				SDKROOT = macosx;
			};
			name = Debug;
		};
		6DAEED921EDE6B3000DB04F2 /* Release */ = {
			isa = XCBuildConfiguration;
			buildSettings = {
				ALWAYS_SEARCH_USER_PATHS = NO;
				CLANG_ANALYZER_NONNULL = YES;
				CLANG_ANALYZER_NUMBER_OBJECT_CONVERSION = YES_AGGRESSIVE;
				CLANG_CXX_LANGUAGE_STANDARD = "gnu++0x";
				CLANG_CXX_LIBRARY = "libc++";
				CLANG_ENABLE_MODULES = YES;
				CLANG_ENABLE_OBJC_ARC = YES;
				CLANG_WARN_BOOL_CONVERSION = YES;
				CLANG_WARN_CONSTANT_CONVERSION = YES;
				CLANG_WARN_DIRECT_OBJC_ISA_USAGE = YES_ERROR;
				CLANG_WARN_DOCUMENTATION_COMMENTS = YES;
				CLANG_WARN_EMPTY_BODY = YES;
				CLANG_WARN_ENUM_CONVERSION = YES;
				CLANG_WARN_INFINITE_RECURSION = YES;
				CLANG_WARN_INT_CONVERSION = YES;
				CLANG_WARN_OBJC_ROOT_CLASS = YES_ERROR;
				CLANG_WARN_SUSPICIOUS_MOVE = YES;
				CLANG_WARN_UNREACHABLE_CODE = YES;
				CLANG_WARN__DUPLICATE_METHOD_MATCH = YES;
				CODE_SIGN_IDENTITY = "-";
				COPY_PHASE_STRIP = NO;
				DEBUG_INFORMATION_FORMAT = "dwarf-with-dsym";
				ENABLE_NS_ASSERTIONS = NO;
				ENABLE_STRICT_OBJC_MSGSEND = YES;
				GCC_C_LANGUAGE_STANDARD = gnu99;
				GCC_NO_COMMON_BLOCKS = YES;
				GCC_WARN_64_TO_32_BIT_CONVERSION = YES;
				GCC_WARN_ABOUT_RETURN_TYPE = YES_ERROR;
				GCC_WARN_UNDECLARED_SELECTOR = YES;
				GCC_WARN_UNINITIALIZED_AUTOS = YES_AGGRESSIVE;
				GCC_WARN_UNUSED_FUNCTION = YES;
				GCC_WARN_UNUSED_VARIABLE = YES;
				MACOSX_DEPLOYMENT_TARGET = 10.12;
				MTL_ENABLE_DEBUG_INFO = NO;
				SDKROOT = macosx;
			};
			name = Release;
		};
		6DAEED941EDE6B3000DB04F2 /* Debug */ = {
			isa = XCBuildConfiguration;
			buildSettings = {
				GCC_PREFIX_HEADER = "${PROJECT_NAME}/PrefixHeader.pch";
				PRODUCT_NAME = "$(TARGET_NAME)";
			};
			name = Debug;
		};
		6DAEED951EDE6B3000DB04F2 /* Release */ = {
			isa = XCBuildConfiguration;
			buildSettings = {
				GCC_PREFIX_HEADER = "${PROJECT_NAME}/PrefixHeader.pch";
				PRODUCT_NAME = "$(TARGET_NAME)";
			};
			name = Release;
		};
/* End XCBuildConfiguration section */

/* Begin XCConfigurationList section */
		6DAEED871EDE6B3000DB04F2 /* Build configuration list for PBXProject "IPATool" */ = {
			isa = XCConfigurationList;
			buildConfigurations = (
				6DAEED911EDE6B3000DB04F2 /* Debug */,
				6DAEED921EDE6B3000DB04F2 /* Release */,
			);
			defaultConfigurationIsVisible = 0;
			defaultConfigurationName = Release;
		};
		6DAEED931EDE6B3000DB04F2 /* Build configuration list for PBXNativeTarget "IPATool" */ = {
			isa = XCConfigurationList;
			buildConfigurations = (
				6DAEED941EDE6B3000DB04F2 /* Debug */,
				6DAEED951EDE6B3000DB04F2 /* Release */,
			);
			defaultConfigurationIsVisible = 0;
			defaultConfigurationName = Release;
		};
/* End XCConfigurationList section */
	};
	rootObject = 6DAEED841EDE6B3000DB04F2 /* Project object */;
}
